
Microsoft Visual Studio Solution File, Format Version 12.00
# Visual Studio Version 17
VisualStudioVersion = 17.14.36203.30 d17.14
MinimumVisualStudioVersion = 10.0.40219.1
Project("{FAE04EC0-301F-11D3-BF4B-00C04F79EFBC}") = "Ecommerce.API", "Ecommerce.API\Ecommerce.API.csproj", "{13368A1B-7621-420F-B4E8-0BB9659CBEC1}"
EndProject
Project("{FAE04EC0-301F-11D3-BF4B-00C04F79EFBC}") = "eCommerce.Infrastruture", "eCommerce.Infrastruture\eCommerce.Infrastruture.csproj", "{047C4032-2758-4496-83D6-A8FE1035CD8F}"
EndProject
Project("{FAE04EC0-301F-11D3-BF4B-00C04F79EFBC}") = "eCommerce.Core", "eCommerce.Core\eCommerce.Core.csproj", "{AD1329F6-8FBD-449E-8EDE-E5918B58CF94}"
EndProject
Global
	GlobalSection(SolutionConfigurationPlatforms) = preSolution
		Debug|Any CPU = Debug|Any CPU
		Release|Any CPU = Release|Any CPU
	EndGlobalSection
	GlobalSection(ProjectConfigurationPlatforms) = postSolution
		{13368A1B-7621-420F-B4E8-0BB9659CBEC1}.Debug|Any CPU.ActiveCfg = Debug|Any CPU
		{13368A1B-7621-420F-B4E8-0BB9659CBEC1}.Debug|Any CPU.Build.0 = Debug|Any CPU
		{13368A1B-7621-420F-B4E8-0BB9659CBEC1}.Release|Any CPU.ActiveCfg = Release|Any CPU
		{13368A1B-7621-420F-B4E8-0BB9659CBEC1}.Release|Any CPU.Build.0 = Release|Any CPU
		{047C4032-2758-4496-83D6-A8FE1035CD8F}.Debug|Any CPU.ActiveCfg = Debug|Any CPU
		{047C4032-2758-4496-83D6-A8FE1035CD8F}.Debug|Any CPU.Build.0 = Debug|Any CPU
		{047C4032-2758-4496-83D6-A8FE1035CD8F}.Release|Any CPU.ActiveCfg = Release|Any CPU
		{047C4032-2758-4496-83D6-A8FE1035CD8F}.Release|Any CPU.Build.0 = Release|Any CPU
		{AD1329F6-8FBD-449E-8EDE-E5918B58CF94}.Debug|Any CPU.ActiveCfg = Debug|Any CPU
		{AD1329F6-8FBD-449E-8EDE-E5918B58CF94}.Debug|Any CPU.Build.0 = Debug|Any CPU
		{AD1329F6-8FBD-449E-8EDE-E5918B58CF94}.Release|Any CPU.ActiveCfg = Release|Any CPU
		{AD1329F6-8FBD-449E-8EDE-E5918B58CF94}.Release|Any CPU.Build.0 = Release|Any CPU
	EndGlobalSection
	GlobalSection(SolutionProperties) = preSolution
		HideSolutionNode = FALSE
	EndGlobalSection
	GlobalSection(ExtensibilityGlobals) = postSolution
		SolutionGuid = {2B95284B-0518-4FA8-A8EC-611F41F74500}
	EndGlobalSection
EndGlobal
